// !$*UTF8*$!
{
	archiveVersion = 1;
	classes = {
	};
	objectVersion = 48;
	objects = {

/* Begin PBXBuildFile section */
		D856848E2028D47700B03BE2 /* AppDelegate.swift in Sources */ = {isa = PBXBuildFile; fileRef = D856848D2028D47700B03BE2 /* AppDelegate.swift */; };
		D85684932028D47700B03BE2 /* Main.storyboard in Resources */ = {isa = PBXBuildFile; fileRef = D85684912028D47700B03BE2 /* Main.storyboard */; };
		D85684952028D47700B03BE2 /* Assets.xcassets in Resources */ = {isa = PBXBuildFile; fileRef = D85684942028D47700B03BE2 /* Assets.xcassets */; };
		D85684982028D47700B03BE2 /* LaunchScreen.storyboard in Resources */ = {isa = PBXBuildFile; fileRef = D85684962028D47700B03BE2 /* LaunchScreen.storyboard */; };
		D85684A32028D47700B03BE2 /* HomepwnerTests.swift in Sources */ = {isa = PBXBuildFile; fileRef = D85684A22028D47700B03BE2 /* HomepwnerTests.swift */; };
		D85684AE2028D47700B03BE2 /* HomepwnerUITests.swift in Sources */ = {isa = PBXBuildFile; fileRef = D85684AD2028D47700B03BE2 /* HomepwnerUITests.swift */; };
		D85684BC2028D57A00B03BE2 /* ItemsViewController.swift in Sources */ = {isa = PBXBuildFile; fileRef = D85684BB2028D57A00B03BE2 /* ItemsViewController.swift */; };
		D85684BE2028D69000B03BE2 /* Item.swift in Sources */ = {isa = PBXBuildFile; fileRef = D85684BD2028D69000B03BE2 /* Item.swift */; };
		D85684C02028DC0C00B03BE2 /* ItemStore.swift in Sources */ = {isa = PBXBuildFile; fileRef = D85684BF2028DC0C00B03BE2 /* ItemStore.swift */; };
		D86370782035F45E00355517 /* ImageStore.swift in Sources */ = {isa = PBXBuildFile; fileRef = D86370772035F45E00355517 /* ImageStore.swift */; };
		D8BA4822203343DC003C8EA9 /* ItemCell.swift in Sources */ = {isa = PBXBuildFile; fileRef = D8BA4821203343DC003C8EA9 /* ItemCell.swift */; };
		D8BA48242033517E003C8EA9 /* DetailViewController.swift in Sources */ = {isa = PBXBuildFile; fileRef = D8BA48232033517D003C8EA9 /* DetailViewController.swift */; };
/* End PBXBuildFile section */

/* Begin PBXContainerItemProxy section */
		D856849F2028D47700B03BE2 /* PBXContainerItemProxy */ = {
			isa = PBXContainerItemProxy;
			containerPortal = D85684822028D47700B03BE2 /* Project object */;
			proxyType = 1;
			remoteGlobalIDString = D85684892028D47700B03BE2;
			remoteInfo = Homepwner;
		};
		D85684AA2028D47700B03BE2 /* PBXContainerItemProxy */ = {
			isa = PBXContainerItemProxy;
			containerPortal = D85684822028D47700B03BE2 /* Project object */;
			proxyType = 1;
			remoteGlobalIDString = D85684892028D47700B03BE2;
			remoteInfo = Homepwner;
		};
/* End PBXContainerItemProxy section */

/* Begin PBXFileReference section */
		D856848A2028D47700B03BE2 /* Homepwner.app */ = {isa = PBXFileReference; explicitFileType = wrapper.application; includeInIndex = 0; path = Homepwner.app; sourceTree = BUILT_PRODUCTS_DIR; };
		D856848D2028D47700B03BE2 /* AppDelegate.swift */ = {isa = PBXFileReference; lastKnownFileType = sourcecode.swift; path = AppDelegate.swift; sourceTree = "<group>"; };
		D85684922028D47700B03BE2 /* Base */ = {isa = PBXFileReference; lastKnownFileType = file.storyboard; name = Base; path = Base.lproj/Main.storyboard; sourceTree = "<group>"; };
		D85684942028D47700B03BE2 /* Assets.xcassets */ = {isa = PBXFileReference; lastKnownFileType = folder.assetcatalog; path = Assets.xcassets; sourceTree = "<group>"; };
		D85684972028D47700B03BE2 /* Base */ = {isa = PBXFileReference; lastKnownFileType = file.storyboard; name = Base; path = Base.lproj/LaunchScreen.storyboard; sourceTree = "<group>"; };
		D85684992028D47700B03BE2 /* Info.plist */ = {isa = PBXFileReference; lastKnownFileType = text.plist.xml; path = Info.plist; sourceTree = "<group>"; };
		D856849E2028D47700B03BE2 /* HomepwnerTests.xctest */ = {isa = PBXFileReference; explicitFileType = wrapper.cfbundle; includeInIndex = 0; path = HomepwnerTests.xctest; sourceTree = BUILT_PRODUCTS_DIR; };
		D85684A22028D47700B03BE2 /* HomepwnerTests.swift */ = {isa = PBXFileReference; lastKnownFileType = sourcecode.swift; path = HomepwnerTests.swift; sourceTree = "<group>"; };
		D85684A42028D47700B03BE2 /* Info.plist */ = {isa = PBXFileReference; lastKnownFileType = text.plist.xml; path = Info.plist; sourceTree = "<group>"; };
		D85684A92028D47700B03BE2 /* HomepwnerUITests.xctest */ = {isa = PBXFileReference; explicitFileType = wrapper.cfbundle; includeInIndex = 0; path = HomepwnerUITests.xctest; sourceTree = BUILT_PRODUCTS_DIR; };
		D85684AD2028D47700B03BE2 /* HomepwnerUITests.swift */ = {isa = PBXFileReference; lastKnownFileType = sourcecode.swift; path = HomepwnerUITests.swift; sourceTree = "<group>"; };
		D85684AF2028D47700B03BE2 /* Info.plist */ = {isa = PBXFileReference; lastKnownFileType = text.plist.xml; path = Info.plist; sourceTree = "<group>"; };
		D85684BB2028D57A00B03BE2 /* ItemsViewController.swift */ = {isa = PBXFileReference; lastKnownFileType = sourcecode.swift; path = ItemsViewController.swift; sourceTree = "<group>"; };
		D85684BD2028D69000B03BE2 /* Item.swift */ = {isa = PBXFileReference; lastKnownFileType = sourcecode.swift; path = Item.swift; sourceTree = "<group>"; };
		D85684BF2028DC0C00B03BE2 /* ItemStore.swift */ = {isa = PBXFileReference; lastKnownFileType = sourcecode.swift; path = ItemStore.swift; sourceTree = "<group>"; };
		D86370772035F45E00355517 /* ImageStore.swift */ = {isa = PBXFileReference; lastKnownFileType = sourcecode.swift; path = ImageStore.swift; sourceTree = "<group>"; };
		D8BA4821203343DC003C8EA9 /* ItemCell.swift */ = {isa = PBXFileReference; lastKnownFileType = sourcecode.swift; path = ItemCell.swift; sourceTree = "<group>"; };
		D8BA48232033517D003C8EA9 /* DetailViewController.swift */ = {isa = PBXFileReference; lastKnownFileType = sourcecode.swift; path = DetailViewController.swift; sourceTree = "<group>"; };
/* End PBXFileReference section */

/* Begin PBXFrameworksBuildPhase section */
		D85684872028D47700B03BE2 /* Frameworks */ = {
			isa = PBXFrameworksBuildPhase;
			buildActionMask = 2147483647;
			files = (
			);
			runOnlyForDeploymentPostprocessing = 0;
		};
		D856849B2028D47700B03BE2 /* Frameworks */ = {
			isa = PBXFrameworksBuildPhase;
			buildActionMask = 2147483647;
			files = (
			);
			runOnlyForDeploymentPostprocessing = 0;
		};
		D85684A62028D47700B03BE2 /* Frameworks */ = {
			isa = PBXFrameworksBuildPhase;
			buildActionMask = 2147483647;
			files = (
			);
			runOnlyForDeploymentPostprocessing = 0;
		};
/* End PBXFrameworksBuildPhase section */

/* Begin PBXGroup section */
		D85684812028D47700B03BE2 = {
			isa = PBXGroup;
			children = (
				D856848C2028D47700B03BE2 /* Homepwner */,
				D85684A12028D47700B03BE2 /* HomepwnerTests */,
				D85684AC2028D47700B03BE2 /* HomepwnerUITests */,
				D856848B2028D47700B03BE2 /* Products */,
			);
			sourceTree = "<group>";
		};
		D856848B2028D47700B03BE2 /* Products */ = {
			isa = PBXGroup;
			children = (
				D856848A2028D47700B03BE2 /* Homepwner.app */,
				D856849E2028D47700B03BE2 /* HomepwnerTests.xctest */,
				D85684A92028D47700B03BE2 /* HomepwnerUITests.xctest */,
			);
			name = Products;
			sourceTree = "<group>";
		};
		D856848C2028D47700B03BE2 /* Homepwner */ = {
			isa = PBXGroup;
			children = (
				D856848D2028D47700B03BE2 /* AppDelegate.swift */,
				D85684912028D47700B03BE2 /* Main.storyboard */,
				D85684942028D47700B03BE2 /* Assets.xcassets */,
				D85684962028D47700B03BE2 /* LaunchScreen.storyboard */,
				D85684992028D47700B03BE2 /* Info.plist */,
				D85684BB2028D57A00B03BE2 /* ItemsViewController.swift */,
				D85684BD2028D69000B03BE2 /* Item.swift */,
				D85684BF2028DC0C00B03BE2 /* ItemStore.swift */,
				D8BA4821203343DC003C8EA9 /* ItemCell.swift */,
				D8BA48232033517D003C8EA9 /* DetailViewController.swift */,
				D86370772035F45E00355517 /* ImageStore.swift */,
			);
			path = Homepwner;
			sourceTree = "<group>";
		};
		D85684A12028D47700B03BE2 /* HomepwnerTests */ = {
			isa = PBXGroup;
			children = (
				D85684A22028D47700B03BE2 /* HomepwnerTests.swift */,
				D85684A42028D47700B03BE2 /* Info.plist */,
			);
			path = HomepwnerTests;
			sourceTree = "<group>";
		};
		D85684AC2028D47700B03BE2 /* HomepwnerUITests */ = {
			isa = PBXGroup;
			children = (
				D85684AD2028D47700B03BE2 /* HomepwnerUITests.swift */,
				D85684AF2028D47700B03BE2 /* Info.plist */,
			);
			path = HomepwnerUITests;
			sourceTree = "<group>";
		};
/* End PBXGroup section */

/* Begin PBXNativeTarget section */
		D85684892028D47700B03BE2 /* Homepwner */ = {
			isa = PBXNativeTarget;
			buildConfigurationList = D85684B22028D47800B03BE2 /* Build configuration list for PBXNativeTarget "Homepwner" */;
			buildPhases = (
				D85684862028D47700B03BE2 /* Sources */,
				D85684872028D47700B03BE2 /* Frameworks */,
				D85684882028D47700B03BE2 /* Resources */,
			);
			buildRules = (
			);
			dependencies = (
			);
			name = Homepwner;
			productName = Homepwner;
			productReference = D856848A2028D47700B03BE2 /* Homepwner.app */;
			productType = "com.apple.product-type.application";
		};
		D856849D2028D47700B03BE2 /* HomepwnerTests */ = {
			isa = PBXNativeTarget;
			buildConfigurationList = D85684B52028D47800B03BE2 /* Build configuration list for PBXNativeTarget "HomepwnerTests" */;
			buildPhases = (
				D856849A2028D47700B03BE2 /* Sources */,
				D856849B2028D47700B03BE2 /* Frameworks */,
				D856849C2028D47700B03BE2 /* Resources */,
			);
			buildRules = (
			);
			dependencies = (
				D85684A02028D47700B03BE2 /* PBXTargetDependency */,
			);
			name = HomepwnerTests;
			productName = HomepwnerTests;
			productReference = D856849E2028D47700B03BE2 /* HomepwnerTests.xctest */;
			productType = "com.apple.product-type.bundle.unit-test";
		};
		D85684A82028D47700B03BE2 /* HomepwnerUITests */ = {
			isa = PBXNativeTarget;
			buildConfigurationList = D85684B82028D47800B03BE2 /* Build configuration list for PBXNativeTarget "HomepwnerUITests" */;
			buildPhases = (
				D85684A52028D47700B03BE2 /* Sources */,
				D85684A62028D47700B03BE2 /* Frameworks */,
				D85684A72028D47700B03BE2 /* Resources */,
			);
			buildRules = (
			);
			dependencies = (
				D85684AB2028D47700B03BE2 /* PBXTargetDependency */,
			);
			name = HomepwnerUITests;
			productName = HomepwnerUITests;
			productReference = D85684A92028D47700B03BE2 /* HomepwnerUITests.xctest */;
			productType = "com.apple.product-type.bundle.ui-testing";
		};
/* End PBXNativeTarget section */

/* Begin PBXProject section */
		D85684822028D47700B03BE2 /* Project object */ = {
			isa = PBXProject;
			attributes = {
				LastSwiftUpdateCheck = 0920;
				LastUpgradeCheck = 0920;
				ORGANIZATIONNAME = Nathan;
				TargetAttributes = {
					D85684892028D47700B03BE2 = {
						CreatedOnToolsVersion = 9.2;
						ProvisioningStyle = Automatic;
					};
					D856849D2028D47700B03BE2 = {
						CreatedOnToolsVersion = 9.2;
						ProvisioningStyle = Automatic;
						TestTargetID = D85684892028D47700B03BE2;
					};
					D85684A82028D47700B03BE2 = {
						CreatedOnToolsVersion = 9.2;
						ProvisioningStyle = Automatic;
						TestTargetID = D85684892028D47700B03BE2;
					};
				};
			};
			buildConfigurationList = D85684852028D47700B03BE2 /* Build configuration list for PBXProject "Homepwner" */;
			compatibilityVersion = "Xcode 8.0";
			developmentRegion = en;
			hasScannedForEncodings = 0;
			knownRegions = (
				en,
				Base,
			);
			mainGroup = D85684812028D47700B03BE2;
			productRefGroup = D856848B2028D47700B03BE2 /* Products */;
			projectDirPath = "";
			projectRoot = "";
			targets = (
				D85684892028D47700B03BE2 /* Homepwner */,
				D856849D2028D47700B03BE2 /* HomepwnerTests */,
				D85684A82028D47700B03BE2 /* HomepwnerUITests */,
			);
		};
/* End PBXProject section */

/* Begin PBXResourcesBuildPhase section */
		D85684882028D47700B03BE2 /* Resources */ = {
			isa = PBXResourcesBuildPhase;
			buildActionMask = 2147483647;
			files = (
				D85684982028D47700B03BE2 /* LaunchScreen.storyboard in Resources */,
				D85684952028D47700B03BE2 /* Assets.xcassets in Resources */,
				D85684932028D47700B03BE2 /* Main.storyboard in Resources */,
			);
			runOnlyForDeploymentPostprocessing = 0;
		};
		D856849C2028D47700B03BE2 /* Resources */ = {
			isa = PBXResourcesBuildPhase;
			buildActionMask = 2147483647;
			files = (
			);
			runOnlyForDeploymentPostprocessing = 0;
		};
		D85684A72028D47700B03BE2 /* Resources */ = {
			isa = PBXResourcesBuildPhase;
			buildActionMask = 2147483647;
			files = (
			);
			runOnlyForDeploymentPostprocessing = 0;
		};
/* End PBXResourcesBuildPhase section */

/* Begin PBXSourcesBuildPhase section */
		D85684862028D47700B03BE2 /* Sources */ = {
			isa = PBXSourcesBuildPhase;
			buildActionMask = 2147483647;
			files = (
				D85684BC2028D57A00B03BE2 /* ItemsViewController.swift in Sources */,
				D85684BE2028D69000B03BE2 /* Item.swift in Sources */,
				D85684C02028DC0C00B03BE2 /* ItemStore.swift in Sources */,
				D8BA48242033517E003C8EA9 /* DetailViewController.swift in Sources */,
				D856848E2028D47700B03BE2 /* AppDelegate.swift in Sources */,
				D86370782035F45E00355517 /* ImageStore.swift in Sources */,
				D8BA4822203343DC003C8EA9 /* ItemCell.swift in Sources */,
			);
			runOnlyForDeploymentPostprocessing = 0;
		};
		D856849A2028D47700B03BE2 /* Sources */ = {
			isa = PBXSourcesBuildPhase;
			buildActionMask = 2147483647;
			files = (
				D85684A32028D47700B03BE2 /* HomepwnerTests.swift in Sources */,
			);
			runOnlyForDeploymentPostprocessing = 0;
		};
		D85684A52028D47700B03BE2 /* Sources */ = {
			isa = PBXSourcesBuildPhase;
			buildActionMask = 2147483647;
			files = (
				D85684AE2028D47700B03BE2 /* HomepwnerUITests.swift in Sources */,
			);
			runOnlyForDeploymentPostprocessing = 0;
		};
/* End PBXSourcesBuildPhase section */

/* Begin PBXTargetDependency section */
		D85684A02028D47700B03BE2 /* PBXTargetDependency */ = {
			isa = PBXTargetDependency;
			target = D85684892028D47700B03BE2 /* Homepwner */;
			targetProxy = D856849F2028D47700B03BE2 /* PBXContainerItemProxy */;
		};
		D85684AB2028D47700B03BE2 /* PBXTargetDependency */ = {
			isa = PBXTargetDependency;
			target = D85684892028D47700B03BE2 /* Homepwner */;
			targetProxy = D85684AA2028D47700B03BE2 /* PBXContainerItemProxy */;
		};
/* End PBXTargetDependency section */

/* Begin PBXVariantGroup section */
		D85684912028D47700B03BE2 /* Main.storyboard */ = {
			isa = PBXVariantGroup;
			children = (
				D85684922028D47700B03BE2 /* Base */,
			);
			name = Main.storyboard;
			sourceTree = "<group>";
		};
		D85684962028D47700B03BE2 /* LaunchScreen.storyboard */ = {
			isa = PBXVariantGroup;
			children = (
				D85684972028D47700B03BE2 /* Base */,
			);
			name = LaunchScreen.storyboard;
			sourceTree = "<group>";
		};
/* End PBXVariantGroup section */

/* Begin XCBuildConfiguration section */
		D85684B02028D47800B03BE2 /* Debug */ = {
			isa = XCBuildConfiguration;
			buildSettings = {
				ALWAYS_SEARCH_USER_PATHS = NO;
				CLANG_ANALYZER_NONNULL = YES;
				CLANG_ANALYZER_NUMBER_OBJECT_CONVERSION = YES_AGGRESSIVE;
				CLANG_CXX_LANGUAGE_STANDARD = "gnu++14";
				CLANG_CXX_LIBRARY = "libc++";
				CLANG_ENABLE_MODULES = YES;
				CLANG_ENABLE_OBJC_ARC = YES;
				CLANG_WARN_BLOCK_CAPTURE_AUTORELEASING = YES;
				CLANG_WARN_BOOL_CONVERSION = YES;
				CLANG_WARN_COMMA = YES;
				CLANG_WARN_CONSTANT_CONVERSION = YES;
				CLANG_WARN_DIRECT_OBJC_ISA_USAGE = YES_ERROR;
				CLANG_WARN_DOCUMENTATION_COMMENTS = YES;
				CLANG_WARN_EMPTY_BODY = YES;
				CLANG_WARN_ENUM_CONVERSION = YES;
				CLANG_WARN_INFINITE_RECURSION = YES;
				CLANG_WARN_INT_CONVERSION = YES;
				CLANG_WARN_NON_LITERAL_NULL_CONVERSION = YES;
				CLANG_WARN_OBJC_LITERAL_CONVERSION = YES;
				CLANG_WARN_OBJC_ROOT_CLASS = YES_ERROR;
				CLANG_WARN_RANGE_LOOP_ANALYSIS = YES;
				CLANG_WARN_STRICT_PROTOTYPES = YES;
				CLANG_WARN_SUSPICIOUS_MOVE = YES;
				CLANG_WARN_UNGUARDED_AVAILABILITY = YES_AGGRESSIVE;
				CLANG_WARN_UNREACHABLE_CODE = YES;
				CLANG_WARN__DUPLICATE_METHOD_MATCH = YES;
				CODE_SIGN_IDENTITY = "iPhone Developer";
				COPY_PHASE_STRIP = NO;
				DEBUG_INFORMATION_FORMAT = dwarf;
				ENABLE_STRICT_OBJC_MSGSEND = YES;
				ENABLE_TESTABILITY = YES;
				GCC_C_LANGUAGE_STANDARD = gnu11;
				GCC_DYNAMIC_NO_PIC = NO;
				GCC_NO_COMMON_BLOCKS = YES;
				GCC_OPTIMIZATION_LEVEL = 0;
				GCC_PREPROCESSOR_DEFINITIONS = (
					"DEBUG=1",
					"$(inherited)",
				);
				GCC_WARN_64_TO_32_BIT_CONVERSION = YES;
				GCC_WARN_ABOUT_RETURN_TYPE = YES_ERROR;
				GCC_WARN_UNDECLARED_SELECTOR = YES;
				GCC_WARN_UNINITIALIZED_AUTOS = YES_AGGRESSIVE;
				GCC_WARN_UNUSED_FUNCTION = YES;
				GCC_WARN_UNUSED_VARIABLE = YES;
				IPHONEOS_DEPLOYMENT_TARGET = 11.2;
				MTL_ENABLE_DEBUG_INFO = YES;
				ONLY_ACTIVE_ARCH = YES;
				SDKROOT = iphoneos;
				SWIFT_ACTIVE_COMPILATION_CONDITIONS = DEBUG;
				SWIFT_OPTIMIZATION_LEVEL = "-Onone";
			};
			name = Debug;
		};
		D85684B12028D47800B03BE2 /* Release */ = {
			isa = XCBuildConfiguration;
			buildSettings = {
				ALWAYS_SEARCH_USER_PATHS = NO;
				CLANG_ANALYZER_NONNULL = YES;
				CLANG_ANALYZER_NUMBER_OBJECT_CONVERSION = YES_AGGRESSIVE;
				CLANG_CXX_LANGUAGE_STANDARD = "gnu++14";
				CLANG_CXX_LIBRARY = "libc++";
				CLANG_ENABLE_MODULES = YES;
				CLANG_ENABLE_OBJC_ARC = YES;
				CLANG_WARN_BLOCK_CAPTURE_AUTORELEASING = YES;
				CLANG_WARN_BOOL_CONVERSION = YES;
				CLANG_WARN_COMMA = YES;
				CLANG_WARN_CONSTANT_CONVERSION = YES;
				CLANG_WARN_DIRECT_OBJC_ISA_USAGE = YES_ERROR;
				CLANG_WARN_DOCUMENTATION_COMMENTS = YES;
				CLANG_WARN_EMPTY_BODY = YES;
				CLANG_WARN_ENUM_CONVERSION = YES;
				CLANG_WARN_INFINITE_RECURSION = YES;
				CLANG_WARN_INT_CONVERSION = YES;
				CLANG_WARN_NON_LITERAL_NULL_CONVERSION = YES;
				CLANG_WARN_OBJC_LITERAL_CONVERSION = YES;
				CLANG_WARN_OBJC_ROOT_CLASS = YES_ERROR;
				CLANG_WARN_RANGE_LOOP_ANALYSIS = YES;
				CLANG_WARN_STRICT_PROTOTYPES = YES;
				CLANG_WARN_SUSPICIOUS_MOVE = YES;
				CLANG_WARN_UNGUARDED_AVAILABILITY = YES_AGGRESSIVE;
				CLANG_WARN_UNREACHABLE_CODE = YES;
				CLANG_WARN__DUPLICATE_METHOD_MATCH = YES;
				CODE_SIGN_IDENTITY = "iPhone Developer";
				COPY_PHASE_STRIP = NO;
				DEBUG_INFORMATION_FORMAT = "dwarf-with-dsym";
				ENABLE_NS_ASSERTIONS = NO;
				ENABLE_STRICT_OBJC_MSGSEND = YES;
				GCC_C_LANGUAGE_STANDARD = gnu11;
				GCC_NO_COMMON_BLOCKS = YES;
				GCC_WARN_64_TO_32_BIT_CONVERSION = YES;
				GCC_WARN_ABOUT_RETURN_TYPE = YES_ERROR;
				GCC_WARN_UNDECLARED_SELECTOR = YES;
				GCC_WARN_UNINITIALIZED_AUTOS = YES_AGGRESSIVE;
				GCC_WARN_UNUSED_FUNCTION = YES;
				GCC_WARN_UNUSED_VARIABLE = YES;
				IPHONEOS_DEPLOYMENT_TARGET = 11.2;
				MTL_ENABLE_DEBUG_INFO = NO;
				SDKROOT = iphoneos;
				SWIFT_OPTIMIZATION_LEVEL = "-Owholemodule";
				VALIDATE_PRODUCT = YES;
			};
			name = Release;
		};
		D85684B32028D47800B03BE2 /* Debug */ = {
			isa = XCBuildConfiguration;
			buildSettings = {
				ASSETCATALOG_COMPILER_APPICON_NAME = AppIcon;
				CODE_SIGN_STYLE = Automatic;
				INFOPLIST_FILE = Homepwner/Info.plist;
				LD_RUNPATH_SEARCH_PATHS = "$(inherited) @executable_path/Frameworks";
				PRODUCT_BUNDLE_IDENTIFIER = com.nathan.Homepwner;
				PRODUCT_NAME = "$(TARGET_NAME)";
				SWIFT_VERSION = 4.0;
				TARGETED_DEVICE_FAMILY = "1,2";
			};
			name = Debug;
		};
		D85684B42028D47800B03BE2 /* Release */ = {
			isa = XCBuildConfiguration;
			buildSettings = {
				ASSETCATALOG_COMPILER_APPICON_NAME = AppIcon;
				CODE_SIGN_STYLE = Automatic;
				INFOPLIST_FILE = Homepwner/Info.plist;
				LD_RUNPATH_SEARCH_PATHS = "$(inherited) @executable_path/Frameworks";
				PRODUCT_BUNDLE_IDENTIFIER = com.nathan.Homepwner;
				PRODUCT_NAME = "$(TARGET_NAME)";
				SWIFT_VERSION = 4.0;
				TARGETED_DEVICE_FAMILY = "1,2";
			};
			name = Release;
		};
		D85684B62028D47800B03BE2 /* Debug */ = {
			isa = XCBuildConfiguration;
			buildSettings = {
				ALWAYS_EMBED_SWIFT_STANDARD_LIBRARIES = YES;
				BUNDLE_LOADER = "$(TEST_HOST)";
				CODE_SIGN_STYLE = Automatic;
				INFOPLIST_FILE = HomepwnerTests/Info.plist;
				LD_RUNPATH_SEARCH_PATHS = "$(inherited) @executable_path/Frameworks @loader_path/Frameworks";
				PRODUCT_BUNDLE_IDENTIFIER = com.nathan.HomepwnerTests;
				PRODUCT_NAME = "$(TARGET_NAME)";
				SWIFT_VERSION = 4.0;
				TARGETED_DEVICE_FAMILY = "1,2";
				TEST_HOST = "$(BUILT_PRODUCTS_DIR)/Homepwner.app/Homepwner";
			};
			name = Debug;
		};
		D85684B72028D47800B03BE2 /* Release */ = {
			isa = XCBuildConfiguration;
			buildSettings = {
				ALWAYS_EMBED_SWIFT_STANDARD_LIBRARIES = YES;
				BUNDLE_LOADER = "$(TEST_HOST)";
				CODE_SIGN_STYLE = Automatic;
				INFOPLIST_FILE = HomepwnerTests/Info.plist;
				LD_RUNPATH_SEARCH_PATHS = "$(inherited) @executable_path/Frameworks @loader_path/Frameworks";
				PRODUCT_BUNDLE_IDENTIFIER = com.nathan.HomepwnerTests;
				PRODUCT_NAME = "$(TARGET_NAME)";
				SWIFT_VERSION = 4.0;
				TARGETED_DEVICE_FAMILY = "1,2";
				TEST_HOST = "$(BUILT_PRODUCTS_DIR)/Homepwner.app/Homepwner";
			};
			name = Release;
		};
		D85684B92028D47800B03BE2 /* Debug */ = {
			isa = XCBuildConfiguration;
			buildSettings = {
				ALWAYS_EMBED_SWIFT_STANDARD_LIBRARIES = YES;
				CODE_SIGN_STYLE = Automatic;
				INFOPLIST_FILE = HomepwnerUITests/Info.plist;
				LD_RUNPATH_SEARCH_PATHS = "$(inherited) @executable_path/Frameworks @loader_path/Frameworks";
				PRODUCT_BUNDLE_IDENTIFIER = com.nathan.HomepwnerUITests;
				PRODUCT_NAME = "$(TARGET_NAME)";
				SWIFT_VERSION = 4.0;
				TARGETED_DEVICE_FAMILY = "1,2";
				TEST_TARGET_NAME = Homepwner;
			};
			name = Debug;
		};
		D85684BA2028D47800B03BE2 /* Release */ = {
			isa = XCBuildConfiguration;
			buildSettings = {
				ALWAYS_EMBED_SWIFT_STANDARD_LIBRARIES = YES;
				CODE_SIGN_STYLE = Automatic;
				INFOPLIST_FILE = HomepwnerUITests/Info.plist;
				LD_RUNPATH_SEARCH_PATHS = "$(inherited) @executable_path/Frameworks @loader_path/Frameworks";
				PRODUCT_BUNDLE_IDENTIFIER = com.nathan.HomepwnerUITests;
				PRODUCT_NAME = "$(TARGET_NAME)";
				SWIFT_VERSION = 4.0;
				TARGETED_DEVICE_FAMILY = "1,2";
				TEST_TARGET_NAME = Homepwner;
			};
			name = Release;
		};
/* End XCBuildConfiguration section */

/* Begin XCConfigurationList section */
		D85684852028D47700B03BE2 /* Build configuration list for PBXProject "Homepwner" */ = {
			isa = XCConfigurationList;
			buildConfigurations = (
				D85684B02028D47800B03BE2 /* Debug */,
				D85684B12028D47800B03BE2 /* Release */,
			);
			defaultConfigurationIsVisible = 0;
			defaultConfigurationName = Release;
		};
		D85684B22028D47800B03BE2 /* Build configuration list for PBXNativeTarget "Homepwner" */ = {
			isa = XCConfigurationList;
			buildConfigurations = (
				D85684B32028D47800B03BE2 /* Debug */,
				D85684B42028D47800B03BE2 /* Release */,
			);
			defaultConfigurationIsVisible = 0;
			defaultConfigurationName = Release;
		};
		D85684B52028D47800B03BE2 /* Build configuration list for PBXNativeTarget "HomepwnerTests" */ = {
			isa = XCConfigurationList;
			buildConfigurations = (
				D85684B62028D47800B03BE2 /* Debug */,
				D85684B72028D47800B03BE2 /* Release */,
			);
			defaultConfigurationIsVisible = 0;
			defaultConfigurationName = Release;
		};
		D85684B82028D47800B03BE2 /* Build configuration list for PBXNativeTarget "HomepwnerUITests" */ = {
			isa = XCConfigurationList;
			buildConfigurations = (
				D85684B92028D47800B03BE2 /* Debug */,
				D85684BA2028D47800B03BE2 /* Release */,
			);
			defaultConfigurationIsVisible = 0;
			defaultConfigurationName = Release;
		};
/* End XCConfigurationList section */
	};
	rootObject = D85684822028D47700B03BE2 /* Project object */;
}
